
Microsoft Visual Studio Solution File, Format Version 12.00
# Visual Studio Version 17
VisualStudioVersion = 17.3.32825.248
MinimumVisualStudioVersion = 10.0.40219.1
Project("{FAE04EC0-301F-11D3-BF4B-00C04F79EFBC}") = "ClassMethodsNewProject", "ClassMethodsNewProject\ClassMethodsNewProject.csproj", "{17A4C719-DD77-4B0B-8DA5-D84D475FCB75}"
EndProject
Global
	GlobalSection(SolutionConfigurationPlatforms) = preSolution
		Debug|Any CPU = Debug|Any CPU
		Release|Any CPU = Release|Any CPU
	EndGlobalSection
	GlobalSection(ProjectConfigurationPlatforms) = postSolution
		{17A4C719-DD77-4B0B-8DA5-D84D475FCB75}.Debug|Any CPU.ActiveCfg = Debug|Any CPU
		{17A4C719-DD77-4B0B-8DA5-D84D475FCB75}.Debug|Any CPU.Build.0 = Debug|Any CPU
		{17A4C719-DD77-4B0B-8DA5-D84D475FCB75}.Release|Any CPU.ActiveCfg = Release|Any CPU
		{17A4C719-DD77-4B0B-8DA5-D84D475FCB75}.Release|Any CPU.Build.0 = Release|Any CPU
	EndGlobalSection
	GlobalSection(SolutionProperties) = preSolution
		HideSolutionNode = FALSE
	EndGlobalSection
	GlobalSection(ExtensibilityGlobals) = postSolution
		SolutionGuid = {90CA4B6F-2805-42BA-8132-CB13ED2C13C2}
	EndGlobalSection
EndGlobal
